// !$*UTF8*$!
{
	archiveVersion = 1;
	classes = {
	};
	objectVersion = 48;
	objects = {

/* Begin PBXBuildFile section */
		2B2C0ECD6CF4C4D6A18F7C38 /* libPods-SLIMDemo.a in Frameworks */ = {isa = PBXBuildFile; fileRef = 55FBE7CFF26A9AF7B91179CD /* libPods-SLIMDemo.a */; };
		BD84418420103CA0002F894F /* AppDelegate.m in Sources */ = {isa = PBXBuildFile; fileRef = BD84418320103CA0002F894F /* AppDelegate.m */; };
		BD84418720103CA0002F894F /* ViewController.m in Sources */ = {isa = PBXBuildFile; fileRef = BD84418620103CA0002F894F /* ViewController.m */; };
		BD84418A20103CA0002F894F /* Main.storyboard in Resources */ = {isa = PBXBuildFile; fileRef = BD84418820103CA0002F894F /* Main.storyboard */; };
		BD84418C20103CA0002F894F /* Assets.xcassets in Resources */ = {isa = PBXBuildFile; fileRef = BD84418B20103CA0002F894F /* Assets.xcassets */; };
		BD84418F20103CA0002F894F /* LaunchScreen.storyboard in Resources */ = {isa = PBXBuildFile; fileRef = BD84418D20103CA0002F894F /* LaunchScreen.storyboard */; };
		BD84419220103CA0002F894F /* main.m in Sources */ = {isa = PBXBuildFile; fileRef = BD84419120103CA0002F894F /* main.m */; };
		BD84419E20103FC1002F894F /* SLIMViewController.m in Sources */ = {isa = PBXBuildFile; fileRef = BD84419D20103FC1002F894F /* SLIMViewController.m */; };
		BD8441A12010513B002F894F /* SLIMSocketManager.m in Sources */ = {isa = PBXBuildFile; fileRef = BD8441A02010513B002F894F /* SLIMSocketManager.m */; };
/* End PBXBuildFile section */

/* Begin PBXFileReference section */
		0BC5DB4CEFEE2B7911F92993 /* Pods-SLIMDemo.release.xcconfig */ = {isa = PBXFileReference; includeInIndex = 1; lastKnownFileType = text.xcconfig; name = "Pods-SLIMDemo.release.xcconfig"; path = "Pods/Target Support Files/Pods-SLIMDemo/Pods-SLIMDemo.release.xcconfig"; sourceTree = "<group>"; };
		55FBE7CFF26A9AF7B91179CD /* libPods-SLIMDemo.a */ = {isa = PBXFileReference; explicitFileType = archive.ar; includeInIndex = 0; path = "libPods-SLIMDemo.a"; sourceTree = BUILT_PRODUCTS_DIR; };
		6AB0DAE1304A8B4C5FB20956 /* Pods-SLIMDemo.debug.xcconfig */ = {isa = PBXFileReference; includeInIndex = 1; lastKnownFileType = text.xcconfig; name = "Pods-SLIMDemo.debug.xcconfig"; path = "Pods/Target Support Files/Pods-SLIMDemo/Pods-SLIMDemo.debug.xcconfig"; sourceTree = "<group>"; };
		BD84417F20103CA0002F894F /* SLIMDemo.app */ = {isa = PBXFileReference; explicitFileType = wrapper.application; includeInIndex = 0; path = SLIMDemo.app; sourceTree = BUILT_PRODUCTS_DIR; };
		BD84418220103CA0002F894F /* AppDelegate.h */ = {isa = PBXFileReference; lastKnownFileType = sourcecode.c.h; path = AppDelegate.h; sourceTree = "<group>"; };
		BD84418320103CA0002F894F /* AppDelegate.m */ = {isa = PBXFileReference; lastKnownFileType = sourcecode.c.objc; path = AppDelegate.m; sourceTree = "<group>"; };
		BD84418520103CA0002F894F /* ViewController.h */ = {isa = PBXFileReference; lastKnownFileType = sourcecode.c.h; path = ViewController.h; sourceTree = "<group>"; };
		BD84418620103CA0002F894F /* ViewController.m */ = {isa = PBXFileReference; lastKnownFileType = sourcecode.c.objc; path = ViewController.m; sourceTree = "<group>"; };
		BD84418920103CA0002F894F /* Base */ = {isa = PBXFileReference; lastKnownFileType = file.storyboard; name = Base; path = Base.lproj/Main.storyboard; sourceTree = "<group>"; };
		BD84418B20103CA0002F894F /* Assets.xcassets */ = {isa = PBXFileReference; lastKnownFileType = folder.assetcatalog; path = Assets.xcassets; sourceTree = "<group>"; };
		BD84418E20103CA0002F894F /* Base */ = {isa = PBXFileReference; lastKnownFileType = file.storyboard; name = Base; path = Base.lproj/LaunchScreen.storyboard; sourceTree = "<group>"; };
		BD84419020103CA0002F894F /* Info.plist */ = {isa = PBXFileReference; lastKnownFileType = text.plist.xml; path = Info.plist; sourceTree = "<group>"; };
		BD84419120103CA0002F894F /* main.m */ = {isa = PBXFileReference; lastKnownFileType = sourcecode.c.objc; path = main.m; sourceTree = "<group>"; };
		BD84419C20103FC1002F894F /* SLIMViewController.h */ = {isa = PBXFileReference; lastKnownFileType = sourcecode.c.h; path = SLIMViewController.h; sourceTree = "<group>"; };
		BD84419D20103FC1002F894F /* SLIMViewController.m */ = {isa = PBXFileReference; lastKnownFileType = sourcecode.c.objc; path = SLIMViewController.m; sourceTree = "<group>"; };
		BD84419F2010513B002F894F /* SLIMSocketManager.h */ = {isa = PBXFileReference; lastKnownFileType = sourcecode.c.h; name = SLIMSocketManager.h; path = SLIMDemo/Service/SLIMSocketManager.h; sourceTree = SOURCE_ROOT; };
		BD8441A02010513B002F894F /* SLIMSocketManager.m */ = {isa = PBXFileReference; lastKnownFileType = sourcecode.c.objc; name = SLIMSocketManager.m; path = SLIMDemo/Service/SLIMSocketManager.m; sourceTree = SOURCE_ROOT; };
/* End PBXFileReference section */

/* Begin PBXFrameworksBuildPhase section */
		BD84417C20103CA0002F894F /* Frameworks */ = {
			isa = PBXFrameworksBuildPhase;
			buildActionMask = 2147483647;
			files = (
				2B2C0ECD6CF4C4D6A18F7C38 /* libPods-SLIMDemo.a in Frameworks */,
			);
			runOnlyForDeploymentPostprocessing = 0;
		};
/* End PBXFrameworksBuildPhase section */

/* Begin PBXGroup section */
		208026DED306EB164137A42D /* Pods */ = {
			isa = PBXGroup;
			children = (
				6AB0DAE1304A8B4C5FB20956 /* Pods-SLIMDemo.debug.xcconfig */,
				0BC5DB4CEFEE2B7911F92993 /* Pods-SLIMDemo.release.xcconfig */,
			);
			name = Pods;
			sourceTree = "<group>";
		};
		38BEAE60AD00F171109ECB91 /* Frameworks */ = {
			isa = PBXGroup;
			children = (
				55FBE7CFF26A9AF7B91179CD /* libPods-SLIMDemo.a */,
			);
			name = Frameworks;
			sourceTree = "<group>";
		};
		BD84417620103CA0002F894F = {
			isa = PBXGroup;
			children = (
				BD84418120103CA0002F894F /* SLIMDemo */,
				BD84418020103CA0002F894F /* Products */,
				208026DED306EB164137A42D /* Pods */,
				38BEAE60AD00F171109ECB91 /* Frameworks */,
			);
			sourceTree = "<group>";
		};
		BD84418020103CA0002F894F /* Products */ = {
			isa = PBXGroup;
			children = (
				BD84417F20103CA0002F894F /* SLIMDemo.app */,
			);
			name = Products;
			sourceTree = "<group>";
		};
		BD84418120103CA0002F894F /* SLIMDemo */ = {
			isa = PBXGroup;
			children = (
				BD84419B20103F36002F894F /* Controller */,
				BD84419920103F11002F894F /* Service */,
				BD84419820103F02002F894F /* DBTool */,
				BD84418220103CA0002F894F /* AppDelegate.h */,
				BD84418320103CA0002F894F /* AppDelegate.m */,
				BD84418520103CA0002F894F /* ViewController.h */,
				BD84418620103CA0002F894F /* ViewController.m */,
				BD84418820103CA0002F894F /* Main.storyboard */,
				BD84418B20103CA0002F894F /* Assets.xcassets */,
				BD84418D20103CA0002F894F /* LaunchScreen.storyboard */,
				BD84419020103CA0002F894F /* Info.plist */,
				BD84419120103CA0002F894F /* main.m */,
			);
			path = SLIMDemo;
			sourceTree = "<group>";
		};
		BD84419820103F02002F894F /* DBTool */ = {
			isa = PBXGroup;
			children = (
			);
			path = DBTool;
			sourceTree = "<group>";
		};
		BD84419920103F11002F894F /* Service */ = {
			isa = PBXGroup;
			children = (
				BD84419F2010513B002F894F /* SLIMSocketManager.h */,
				BD8441A02010513B002F894F /* SLIMSocketManager.m */,
			);
			path = Service;
			sourceTree = "<group>";
		};
		BD84419B20103F36002F894F /* Controller */ = {
			isa = PBXGroup;
			children = (
				BD84419C20103FC1002F894F /* SLIMViewController.h */,
				BD84419D20103FC1002F894F /* SLIMViewController.m */,
			);
			path = Controller;
			sourceTree = "<group>";
		};
/* End PBXGroup section */

/* Begin PBXNativeTarget section */
		BD84417E20103CA0002F894F /* SLIMDemo */ = {
			isa = PBXNativeTarget;
			buildConfigurationList = BD84419520103CA0002F894F /* Build configuration list for PBXNativeTarget "SLIMDemo" */;
			buildPhases = (
				28D4E5F65002BA1C909F2F20 /* [CP] Check Pods Manifest.lock */,
				BD84417B20103CA0002F894F /* Sources */,
				BD84417C20103CA0002F894F /* Frameworks */,
				BD84417D20103CA0002F894F /* Resources */,
				372E01706C9074CED70D7BFB /* [CP] Embed Pods Frameworks */,
				10978D20D2D2B87F6E49E64B /* [CP] Copy Pods Resources */,
			);
			buildRules = (
			);
			dependencies = (
			);
			name = SLIMDemo;
			productName = SLIMDemo;
			productReference = BD84417F20103CA0002F894F /* SLIMDemo.app */;
			productType = "com.apple.product-type.application";
		};
/* End PBXNativeTarget section */

/* Begin PBXProject section */
		BD84417720103CA0002F894F /* Project object */ = {
			isa = PBXProject;
			attributes = {
				LastUpgradeCheck = 0920;
				ORGANIZATIONNAME = gaoshilei;
				TargetAttributes = {
					BD84417E20103CA0002F894F = {
						CreatedOnToolsVersion = 9.2;
						ProvisioningStyle = Automatic;
					};
				};
			};
			buildConfigurationList = BD84417A20103CA0002F894F /* Build configuration list for PBXProject "SLIMDemo" */;
			compatibilityVersion = "Xcode 8.0";
			developmentRegion = en;
			hasScannedForEncodings = 0;
			knownRegions = (
				en,
				Base,
			);
			mainGroup = BD84417620103CA0002F894F;
			productRefGroup = BD84418020103CA0002F894F /* Products */;
			projectDirPath = "";
			projectRoot = "";
			targets = (
				BD84417E20103CA0002F894F /* SLIMDemo */,
			);
		};
/* End PBXProject section */

/* Begin PBXResourcesBuildPhase section */
		BD84417D20103CA0002F894F /* Resources */ = {
			isa = PBXResourcesBuildPhase;
			buildActionMask = 2147483647;
			files = (
				BD84418F20103CA0002F894F /* LaunchScreen.storyboard in Resources */,
				BD84418C20103CA0002F894F /* Assets.xcassets in Resources */,
				BD84418A20103CA0002F894F /* Main.storyboard in Resources */,
			);
			runOnlyForDeploymentPostprocessing = 0;
		};
/* End PBXResourcesBuildPhase section */

/* Begin PBXShellScriptBuildPhase section */
		10978D20D2D2B87F6E49E64B /* [CP] Copy Pods Resources */ = {
			isa = PBXShellScriptBuildPhase;
			buildActionMask = 2147483647;
			files = (
			);
			inputPaths = (
			);
			name = "[CP] Copy Pods Resources";
			outputPaths = (
			);
			runOnlyForDeploymentPostprocessing = 0;
			shellPath = /bin/sh;
			shellScript = "\"${SRCROOT}/Pods/Target Support Files/Pods-SLIMDemo/Pods-SLIMDemo-resources.sh\"\n";
			showEnvVarsInLog = 0;
		};
		28D4E5F65002BA1C909F2F20 /* [CP] Check Pods Manifest.lock */ = {
			isa = PBXShellScriptBuildPhase;
			buildActionMask = 2147483647;
			files = (
			);
			inputPaths = (
				"${PODS_PODFILE_DIR_PATH}/Podfile.lock",
				"${PODS_ROOT}/Manifest.lock",
			);
			name = "[CP] Check Pods Manifest.lock";
			outputPaths = (
				"$(DERIVED_FILE_DIR)/Pods-SLIMDemo-checkManifestLockResult.txt",
			);
			runOnlyForDeploymentPostprocessing = 0;
			shellPath = /bin/sh;
			shellScript = "diff \"${PODS_PODFILE_DIR_PATH}/Podfile.lock\" \"${PODS_ROOT}/Manifest.lock\" > /dev/null\nif [ $? != 0 ] ; then\n    # print error to STDERR\n    echo \"error: The sandbox is not in sync with the Podfile.lock. Run 'pod install' or update your CocoaPods installation.\" >&2\n    exit 1\nfi\n# This output is used by Xcode 'outputs' to avoid re-running this script phase.\necho \"SUCCESS\" > \"${SCRIPT_OUTPUT_FILE_0}\"\n";
			showEnvVarsInLog = 0;
		};
		372E01706C9074CED70D7BFB /* [CP] Embed Pods Frameworks */ = {
			isa = PBXShellScriptBuildPhase;
			buildActionMask = 2147483647;
			files = (
			);
			inputPaths = (
			);
			name = "[CP] Embed Pods Frameworks";
			outputPaths = (
			);
			runOnlyForDeploymentPostprocessing = 0;
			shellPath = /bin/sh;
			shellScript = "\"${SRCROOT}/Pods/Target Support Files/Pods-SLIMDemo/Pods-SLIMDemo-frameworks.sh\"\n";
			showEnvVarsInLog = 0;
		};
/* End PBXShellScriptBuildPhase section */

/* Begin PBXSourcesBuildPhase section */
		BD84417B20103CA0002F894F /* Sources */ = {
			isa = PBXSourcesBuildPhase;
			buildActionMask = 2147483647;
			files = (
				BD84418720103CA0002F894F /* ViewController.m in Sources */,
				BD84419220103CA0002F894F /* main.m in Sources */,
				BD84418420103CA0002F894F /* AppDelegate.m in Sources */,
				BD84419E20103FC1002F894F /* SLIMViewController.m in Sources */,
				BD8441A12010513B002F894F /* SLIMSocketManager.m in Sources */,
			);
			runOnlyForDeploymentPostprocessing = 0;
		};
/* End PBXSourcesBuildPhase section */

/* Begin PBXVariantGroup section */
		BD84418820103CA0002F894F /* Main.storyboard */ = {
			isa = PBXVariantGroup;
			children = (
				BD84418920103CA0002F894F /* Base */,
			);
			name = Main.storyboard;
			sourceTree = "<group>";
		};
		BD84418D20103CA0002F894F /* LaunchScreen.storyboard */ = {
			isa = PBXVariantGroup;
			children = (
				BD84418E20103CA0002F894F /* Base */,
			);
			name = LaunchScreen.storyboard;
			sourceTree = "<group>";
		};
/* End PBXVariantGroup section */

/* Begin XCBuildConfiguration section */
		BD84419320103CA0002F894F /* Debug */ = {
			isa = XCBuildConfiguration;
			buildSettings = {
				ALWAYS_SEARCH_USER_PATHS = NO;
				CLANG_ANALYZER_NONNULL = YES;
				CLANG_ANALYZER_NUMBER_OBJECT_CONVERSION = YES_AGGRESSIVE;
				CLANG_CXX_LANGUAGE_STANDARD = "gnu++14";
				CLANG_CXX_LIBRARY = "libc++";
				CLANG_ENABLE_MODULES = YES;
				CLANG_ENABLE_OBJC_ARC = YES;
				CLANG_WARN_BLOCK_CAPTURE_AUTORELEASING = YES;
				CLANG_WARN_BOOL_CONVERSION = YES;
				CLANG_WARN_COMMA = YES;
				CLANG_WARN_CONSTANT_CONVERSION = YES;
				CLANG_WARN_DIRECT_OBJC_ISA_USAGE = YES_ERROR;
				CLANG_WARN_DOCUMENTATION_COMMENTS = YES;
				CLANG_WARN_EMPTY_BODY = YES;
				CLANG_WARN_ENUM_CONVERSION = YES;
				CLANG_WARN_INFINITE_RECURSION = YES;
				CLANG_WARN_INT_CONVERSION = YES;
				CLANG_WARN_NON_LITERAL_NULL_CONVERSION = YES;
				CLANG_WARN_OBJC_LITERAL_CONVERSION = YES;
				CLANG_WARN_OBJC_ROOT_CLASS = YES_ERROR;
				CLANG_WARN_RANGE_LOOP_ANALYSIS = YES;
				CLANG_WARN_STRICT_PROTOTYPES = YES;
				CLANG_WARN_SUSPICIOUS_MOVE = YES;
				CLANG_WARN_UNGUARDED_AVAILABILITY = YES_AGGRESSIVE;
				CLANG_WARN_UNREACHABLE_CODE = YES;
				CLANG_WARN__DUPLICATE_METHOD_MATCH = YES;
				CODE_SIGN_IDENTITY = "iPhone Developer";
				COPY_PHASE_STRIP = NO;
				DEBUG_INFORMATION_FORMAT = dwarf;
				ENABLE_STRICT_OBJC_MSGSEND = YES;
				ENABLE_TESTABILITY = YES;
				GCC_C_LANGUAGE_STANDARD = gnu11;
				GCC_DYNAMIC_NO_PIC = NO;
				GCC_NO_COMMON_BLOCKS = YES;
				GCC_OPTIMIZATION_LEVEL = 0;
				GCC_PREPROCESSOR_DEFINITIONS = (
					"DEBUG=1",
					"$(inherited)",
				);
				GCC_WARN_64_TO_32_BIT_CONVERSION = YES;
				GCC_WARN_ABOUT_RETURN_TYPE = YES_ERROR;
				GCC_WARN_UNDECLARED_SELECTOR = YES;
				GCC_WARN_UNINITIALIZED_AUTOS = YES_AGGRESSIVE;
				GCC_WARN_UNUSED_FUNCTION = YES;
				GCC_WARN_UNUSED_VARIABLE = YES;
				IPHONEOS_DEPLOYMENT_TARGET = 11.2;
				MTL_ENABLE_DEBUG_INFO = YES;
				ONLY_ACTIVE_ARCH = YES;
				SDKROOT = iphoneos;
			};
			name = Debug;
		};
		BD84419420103CA0002F894F /* Release */ = {
			isa = XCBuildConfiguration;
			buildSettings = {
				ALWAYS_SEARCH_USER_PATHS = NO;
				CLANG_ANALYZER_NONNULL = YES;
				CLANG_ANALYZER_NUMBER_OBJECT_CONVERSION = YES_AGGRESSIVE;
				CLANG_CXX_LANGUAGE_STANDARD = "gnu++14";
				CLANG_CXX_LIBRARY = "libc++";
				CLANG_ENABLE_MODULES = YES;
				CLANG_ENABLE_OBJC_ARC = YES;
				CLANG_WARN_BLOCK_CAPTURE_AUTORELEASING = YES;
				CLANG_WARN_BOOL_CONVERSION = YES;
				CLANG_WARN_COMMA = YES;
				CLANG_WARN_CONSTANT_CONVERSION = YES;
				CLANG_WARN_DIRECT_OBJC_ISA_USAGE = YES_ERROR;
				CLANG_WARN_DOCUMENTATION_COMMENTS = YES;
				CLANG_WARN_EMPTY_BODY = YES;
				CLANG_WARN_ENUM_CONVERSION = YES;
				CLANG_WARN_INFINITE_RECURSION = YES;
				CLANG_WARN_INT_CONVERSION = YES;
				CLANG_WARN_NON_LITERAL_NULL_CONVERSION = YES;
				CLANG_WARN_OBJC_LITERAL_CONVERSION = YES;
				CLANG_WARN_OBJC_ROOT_CLASS = YES_ERROR;
				CLANG_WARN_RANGE_LOOP_ANALYSIS = YES;
				CLANG_WARN_STRICT_PROTOTYPES = YES;
				CLANG_WARN_SUSPICIOUS_MOVE = YES;
				CLANG_WARN_UNGUARDED_AVAILABILITY = YES_AGGRESSIVE;
				CLANG_WARN_UNREACHABLE_CODE = YES;
				CLANG_WARN__DUPLICATE_METHOD_MATCH = YES;
				CODE_SIGN_IDENTITY = "iPhone Developer";
				COPY_PHASE_STRIP = NO;
				DEBUG_INFORMATION_FORMAT = "dwarf-with-dsym";
				ENABLE_NS_ASSERTIONS = NO;
				ENABLE_STRICT_OBJC_MSGSEND = YES;
				GCC_C_LANGUAGE_STANDARD = gnu11;
				GCC_NO_COMMON_BLOCKS = YES;
				GCC_WARN_64_TO_32_BIT_CONVERSION = YES;
				GCC_WARN_ABOUT_RETURN_TYPE = YES_ERROR;
				GCC_WARN_UNDECLARED_SELECTOR = YES;
				GCC_WARN_UNINITIALIZED_AUTOS = YES_AGGRESSIVE;
				GCC_WARN_UNUSED_FUNCTION = YES;
				GCC_WARN_UNUSED_VARIABLE = YES;
				IPHONEOS_DEPLOYMENT_TARGET = 11.2;
				MTL_ENABLE_DEBUG_INFO = NO;
				SDKROOT = iphoneos;
				VALIDATE_PRODUCT = YES;
			};
			name = Release;
		};
		BD84419620103CA0002F894F /* Debug */ = {
			isa = XCBuildConfiguration;
			baseConfigurationReference = 6AB0DAE1304A8B4C5FB20956 /* Pods-SLIMDemo.debug.xcconfig */;
			buildSettings = {
				ASSETCATALOG_COMPILER_APPICON_NAME = AppIcon;
				CODE_SIGN_STYLE = Automatic;
				DEVELOPMENT_TEAM = 65Q2YZ2TSD;
				INFOPLIST_FILE = SLIMDemo/Info.plist;
				IPHONEOS_DEPLOYMENT_TARGET = 8.0;
				LD_RUNPATH_SEARCH_PATHS = "$(inherited) @executable_path/Frameworks";
				PRODUCT_BUNDLE_IDENTIFIER = com.gaoshilei.SLIMDemo;
				PRODUCT_NAME = "$(TARGET_NAME)";
				TARGETED_DEVICE_FAMILY = "1,2";
			};
			name = Debug;
		};
		BD84419720103CA0002F894F /* Release */ = {
			isa = XCBuildConfiguration;
			baseConfigurationReference = 0BC5DB4CEFEE2B7911F92993 /* Pods-SLIMDemo.release.xcconfig */;
			buildSettings = {
				ASSETCATALOG_COMPILER_APPICON_NAME = AppIcon;
				CODE_SIGN_STYLE = Automatic;
				DEVELOPMENT_TEAM = 65Q2YZ2TSD;
				INFOPLIST_FILE = SLIMDemo/Info.plist;
				IPHONEOS_DEPLOYMENT_TARGET = 8.0;
				LD_RUNPATH_SEARCH_PATHS = "$(inherited) @executable_path/Frameworks";
				PRODUCT_BUNDLE_IDENTIFIER = com.gaoshilei.SLIMDemo;
				PRODUCT_NAME = "$(TARGET_NAME)";
				TARGETED_DEVICE_FAMILY = "1,2";
			};
			name = Release;
		};
/* End XCBuildConfiguration section */

/* Begin XCConfigurationList section */
		BD84417A20103CA0002F894F /* Build configuration list for PBXProject "SLIMDemo" */ = {
			isa = XCConfigurationList;
			buildConfigurations = (
				BD84419320103CA0002F894F /* Debug */,
				BD84419420103CA0002F894F /* Release */,
			);
			defaultConfigurationIsVisible = 0;
			defaultConfigurationName = Release;
		};
		BD84419520103CA0002F894F /* Build configuration list for PBXNativeTarget "SLIMDemo" */ = {
			isa = XCConfigurationList;
			buildConfigurations = (
				BD84419620103CA0002F894F /* Debug */,
				BD84419720103CA0002F894F /* Release */,
			);
			defaultConfigurationIsVisible = 0;
			defaultConfigurationName = Release;
		};
/* End XCConfigurationList section */
	};
	rootObject = BD84417720103CA0002F894F /* Project object */;
}
