// !$*UTF8*$!
{
	archiveVersion = 1;
	classes = {
	};
	objectVersion = 48;
	objects = {

/* Begin PBXBuildFile section */
		2B2C0ECD6CF4C4D6A18F7C38 /* libPods-SLIMDemo.a in Frameworks */ = {isa = PBXBuildFile; fileRef = 55FBE7CFF26A9AF7B91179CD /* libPods-SLIMDemo.a */; };
		BD488C692021A3B8003A9B87 /* SLIMChatBar.m in Sources */ = {isa = PBXBuildFile; fileRef = BD488C682021A3B8003A9B87 /* SLIMChatBar.m */; };
		BD488C6C2021A7BE003A9B87 /* NSBundle+SLIM.m in Sources */ = {isa = PBXBuildFile; fileRef = BD488C6B2021A7BE003A9B87 /* NSBundle+SLIM.m */; };
		BD488C6F2021AB9A003A9B87 /* UIImage+SLIM.m in Sources */ = {isa = PBXBuildFile; fileRef = BD488C6E2021AB9A003A9B87 /* UIImage+SLIM.m */; };
		BD488C732021ACF6003A9B87 /* SLIMImageManager.m in Sources */ = {isa = PBXBuildFile; fileRef = BD488C722021ACF6003A9B87 /* SLIMImageManager.m */; };
		BD488C762021B072003A9B87 /* NSString+SLIM.m in Sources */ = {isa = PBXBuildFile; fileRef = BD488C752021B072003A9B87 /* NSString+SLIM.m */; };
		BD488C792021C87F003A9B87 /* SLIMMessage.m in Sources */ = {isa = PBXBuildFile; fileRef = BD488C782021C87F003A9B87 /* SLIMMessage.m */; };
		BD488C7B2021CDC8003A9B87 /* Placeholder.bundle in Resources */ = {isa = PBXBuildFile; fileRef = BD488C7A2021CDC8003A9B87 /* Placeholder.bundle */; };
		BD488CB12022CA3B003A9B87 /* SLAnalogDataGenerator.m in Sources */ = {isa = PBXBuildFile; fileRef = BD488CB02022CA3B003A9B87 /* SLAnalogDataGenerator.m */; };
		BD488CB42022F5F5003A9B87 /* SLIMConverstaionViewController.m in Sources */ = {isa = PBXBuildFile; fileRef = BD488CB32022F5F5003A9B87 /* SLIMConverstaionViewController.m */; };
		BD488CB720299BCF003A9B87 /* UIColor+SLIM.m in Sources */ = {isa = PBXBuildFile; fileRef = BD488CB620299BCF003A9B87 /* UIColor+SLIM.m */; };
		BD84418420103CA0002F894F /* AppDelegate.m in Sources */ = {isa = PBXBuildFile; fileRef = BD84418320103CA0002F894F /* AppDelegate.m */; };
		BD84418720103CA0002F894F /* ViewController.m in Sources */ = {isa = PBXBuildFile; fileRef = BD84418620103CA0002F894F /* ViewController.m */; };
		BD84418A20103CA0002F894F /* Main.storyboard in Resources */ = {isa = PBXBuildFile; fileRef = BD84418820103CA0002F894F /* Main.storyboard */; };
		BD84418C20103CA0002F894F /* Assets.xcassets in Resources */ = {isa = PBXBuildFile; fileRef = BD84418B20103CA0002F894F /* Assets.xcassets */; };
		BD84418F20103CA0002F894F /* LaunchScreen.storyboard in Resources */ = {isa = PBXBuildFile; fileRef = BD84418D20103CA0002F894F /* LaunchScreen.storyboard */; };
		BD84419220103CA0002F894F /* main.m in Sources */ = {isa = PBXBuildFile; fileRef = BD84419120103CA0002F894F /* main.m */; };
		BD84419E20103FC1002F894F /* SLIMViewController.m in Sources */ = {isa = PBXBuildFile; fileRef = BD84419D20103FC1002F894F /* SLIMViewController.m */; };
		BDFDE8BB201B06CD004B7F9B /* SLIMBaseNavigationController.m in Sources */ = {isa = PBXBuildFile; fileRef = BDFDE8BA201B06CD004B7F9B /* SLIMBaseNavigationController.m */; };
		BDFDE8C3201B0778004B7F9B /* SLIMBaseConversationController.m in Sources */ = {isa = PBXBuildFile; fileRef = BDFDE8C2201B0778004B7F9B /* SLIMBaseConversationController.m */; };
		BDFDE8CC201EC79B004B7F9B /* SLIMSocketManager.m in Sources */ = {isa = PBXBuildFile; fileRef = BDFDE8CA201EC79B004B7F9B /* SLIMSocketManager.m */; };
		BDFDE8D1201ECE1C004B7F9B /* SLIMChatMessgaeCell.m in Sources */ = {isa = PBXBuildFile; fileRef = BDFDE8D0201ECE1C004B7F9B /* SLIMChatMessgaeCell.m */; };
		BDFDE8E9202057F7004B7F9B /* SLIMChatTextMessageCell.m in Sources */ = {isa = PBXBuildFile; fileRef = BDFDE8E8202057F7004B7F9B /* SLIMChatTextMessageCell.m */; };
		BDFDE8EC20205864004B7F9B /* SLIMChatImageMessageCell.m in Sources */ = {isa = PBXBuildFile; fileRef = BDFDE8EB20205864004B7F9B /* SLIMChatImageMessageCell.m */; };
		BDFDE8EF2020674B004B7F9B /* SLIMChatSystemMessageCell.m in Sources */ = {isa = PBXBuildFile; fileRef = BDFDE8EE2020674B004B7F9B /* SLIMChatSystemMessageCell.m */; };
		BDFDE8F22020798C004B7F9B /* SLIMMessageContentView.m in Sources */ = {isa = PBXBuildFile; fileRef = BDFDE8F12020798C004B7F9B /* SLIMMessageContentView.m */; };
		BDFDE8F520207AE3004B7F9B /* SLIMMessageSendStateView.m in Sources */ = {isa = PBXBuildFile; fileRef = BDFDE8F420207AE3004B7F9B /* SLIMMessageSendStateView.m */; };
		BDFDE8F8202083AD004B7F9B /* UIImageView+cornerRadius.m in Sources */ = {isa = PBXBuildFile; fileRef = BDFDE8F7202083AD004B7F9B /* UIImageView+cornerRadius.m */; };
		BDFDE96120219713004B7F9B /* MessageBubble.bundle in Resources */ = {isa = PBXBuildFile; fileRef = BDFDE96020219713004B7F9B /* MessageBubble.bundle */; };
		BDFDE96420219912004B7F9B /* SLIMBubbleImageFactory.m in Sources */ = {isa = PBXBuildFile; fileRef = BDFDE96320219912004B7F9B /* SLIMBubbleImageFactory.m */; };
/* End PBXBuildFile section */

/* Begin PBXFileReference section */
		0BC5DB4CEFEE2B7911F92993 /* Pods-SLIMDemo.release.xcconfig */ = {isa = PBXFileReference; includeInIndex = 1; lastKnownFileType = text.xcconfig; name = "Pods-SLIMDemo.release.xcconfig"; path = "Pods/Target Support Files/Pods-SLIMDemo/Pods-SLIMDemo.release.xcconfig"; sourceTree = "<group>"; };
		55FBE7CFF26A9AF7B91179CD /* libPods-SLIMDemo.a */ = {isa = PBXFileReference; explicitFileType = archive.ar; includeInIndex = 0; path = "libPods-SLIMDemo.a"; sourceTree = BUILT_PRODUCTS_DIR; };
		6AB0DAE1304A8B4C5FB20956 /* Pods-SLIMDemo.debug.xcconfig */ = {isa = PBXFileReference; includeInIndex = 1; lastKnownFileType = text.xcconfig; name = "Pods-SLIMDemo.debug.xcconfig"; path = "Pods/Target Support Files/Pods-SLIMDemo/Pods-SLIMDemo.debug.xcconfig"; sourceTree = "<group>"; };
		BD488C672021A3B8003A9B87 /* SLIMChatBar.h */ = {isa = PBXFileReference; lastKnownFileType = sourcecode.c.h; path = SLIMChatBar.h; sourceTree = "<group>"; };
		BD488C682021A3B8003A9B87 /* SLIMChatBar.m */ = {isa = PBXFileReference; lastKnownFileType = sourcecode.c.objc; path = SLIMChatBar.m; sourceTree = "<group>"; };
		BD488C6A2021A7BE003A9B87 /* NSBundle+SLIM.h */ = {isa = PBXFileReference; lastKnownFileType = sourcecode.c.h; path = "NSBundle+SLIM.h"; sourceTree = "<group>"; };
		BD488C6B2021A7BE003A9B87 /* NSBundle+SLIM.m */ = {isa = PBXFileReference; lastKnownFileType = sourcecode.c.objc; path = "NSBundle+SLIM.m"; sourceTree = "<group>"; };
		BD488C6D2021AB9A003A9B87 /* UIImage+SLIM.h */ = {isa = PBXFileReference; lastKnownFileType = sourcecode.c.h; path = "UIImage+SLIM.h"; sourceTree = "<group>"; };
		BD488C6E2021AB9A003A9B87 /* UIImage+SLIM.m */ = {isa = PBXFileReference; lastKnownFileType = sourcecode.c.objc; path = "UIImage+SLIM.m"; sourceTree = "<group>"; };
		BD488C712021ACF6003A9B87 /* SLIMImageManager.h */ = {isa = PBXFileReference; lastKnownFileType = sourcecode.c.h; path = SLIMImageManager.h; sourceTree = "<group>"; };
		BD488C722021ACF6003A9B87 /* SLIMImageManager.m */ = {isa = PBXFileReference; lastKnownFileType = sourcecode.c.objc; path = SLIMImageManager.m; sourceTree = "<group>"; };
		BD488C742021B072003A9B87 /* NSString+SLIM.h */ = {isa = PBXFileReference; lastKnownFileType = sourcecode.c.h; path = "NSString+SLIM.h"; sourceTree = "<group>"; };
		BD488C752021B072003A9B87 /* NSString+SLIM.m */ = {isa = PBXFileReference; lastKnownFileType = sourcecode.c.objc; path = "NSString+SLIM.m"; sourceTree = "<group>"; };
		BD488C772021C87F003A9B87 /* SLIMMessage.h */ = {isa = PBXFileReference; lastKnownFileType = sourcecode.c.h; path = SLIMMessage.h; sourceTree = "<group>"; };
		BD488C782021C87F003A9B87 /* SLIMMessage.m */ = {isa = PBXFileReference; lastKnownFileType = sourcecode.c.objc; path = SLIMMessage.m; sourceTree = "<group>"; };
		BD488C7A2021CDC8003A9B87 /* Placeholder.bundle */ = {isa = PBXFileReference; lastKnownFileType = "wrapper.plug-in"; path = Placeholder.bundle; sourceTree = "<group>"; };
		BD488CAF2022CA3B003A9B87 /* SLAnalogDataGenerator.h */ = {isa = PBXFileReference; lastKnownFileType = sourcecode.c.h; path = SLAnalogDataGenerator.h; sourceTree = "<group>"; };
		BD488CB02022CA3B003A9B87 /* SLAnalogDataGenerator.m */ = {isa = PBXFileReference; lastKnownFileType = sourcecode.c.objc; path = SLAnalogDataGenerator.m; sourceTree = "<group>"; };
		BD488CB22022F5F5003A9B87 /* SLIMConverstaionViewController.h */ = {isa = PBXFileReference; lastKnownFileType = sourcecode.c.h; path = SLIMConverstaionViewController.h; sourceTree = "<group>"; };
		BD488CB32022F5F5003A9B87 /* SLIMConverstaionViewController.m */ = {isa = PBXFileReference; lastKnownFileType = sourcecode.c.objc; path = SLIMConverstaionViewController.m; sourceTree = "<group>"; };
		BD488CB520299BCF003A9B87 /* UIColor+SLIM.h */ = {isa = PBXFileReference; lastKnownFileType = sourcecode.c.h; path = "UIColor+SLIM.h"; sourceTree = "<group>"; };
		BD488CB620299BCF003A9B87 /* UIColor+SLIM.m */ = {isa = PBXFileReference; lastKnownFileType = sourcecode.c.objc; path = "UIColor+SLIM.m"; sourceTree = "<group>"; };
		BD84417F20103CA0002F894F /* SLIMDemo.app */ = {isa = PBXFileReference; explicitFileType = wrapper.application; includeInIndex = 0; path = SLIMDemo.app; sourceTree = BUILT_PRODUCTS_DIR; };
		BD84418220103CA0002F894F /* AppDelegate.h */ = {isa = PBXFileReference; lastKnownFileType = sourcecode.c.h; path = AppDelegate.h; sourceTree = "<group>"; };
		BD84418320103CA0002F894F /* AppDelegate.m */ = {isa = PBXFileReference; lastKnownFileType = sourcecode.c.objc; path = AppDelegate.m; sourceTree = "<group>"; };
		BD84418520103CA0002F894F /* ViewController.h */ = {isa = PBXFileReference; lastKnownFileType = sourcecode.c.h; path = ViewController.h; sourceTree = "<group>"; };
		BD84418620103CA0002F894F /* ViewController.m */ = {isa = PBXFileReference; lastKnownFileType = sourcecode.c.objc; path = ViewController.m; sourceTree = "<group>"; };
		BD84418920103CA0002F894F /* Base */ = {isa = PBXFileReference; lastKnownFileType = file.storyboard; name = Base; path = Base.lproj/Main.storyboard; sourceTree = "<group>"; };
		BD84418B20103CA0002F894F /* Assets.xcassets */ = {isa = PBXFileReference; lastKnownFileType = folder.assetcatalog; path = Assets.xcassets; sourceTree = "<group>"; };
		BD84418E20103CA0002F894F /* Base */ = {isa = PBXFileReference; lastKnownFileType = file.storyboard; name = Base; path = Base.lproj/LaunchScreen.storyboard; sourceTree = "<group>"; };
		BD84419020103CA0002F894F /* Info.plist */ = {isa = PBXFileReference; lastKnownFileType = text.plist.xml; path = Info.plist; sourceTree = "<group>"; };
		BD84419120103CA0002F894F /* main.m */ = {isa = PBXFileReference; lastKnownFileType = sourcecode.c.objc; path = main.m; sourceTree = "<group>"; };
		BD84419C20103FC1002F894F /* SLIMViewController.h */ = {isa = PBXFileReference; lastKnownFileType = sourcecode.c.h; path = SLIMViewController.h; sourceTree = "<group>"; };
		BD84419D20103FC1002F894F /* SLIMViewController.m */ = {isa = PBXFileReference; lastKnownFileType = sourcecode.c.objc; path = SLIMViewController.m; sourceTree = "<group>"; };
		BDFDE8B9201B06CD004B7F9B /* SLIMBaseNavigationController.h */ = {isa = PBXFileReference; lastKnownFileType = sourcecode.c.h; path = SLIMBaseNavigationController.h; sourceTree = "<group>"; };
		BDFDE8BA201B06CD004B7F9B /* SLIMBaseNavigationController.m */ = {isa = PBXFileReference; lastKnownFileType = sourcecode.c.objc; path = SLIMBaseNavigationController.m; sourceTree = "<group>"; };
		BDFDE8C1201B0778004B7F9B /* SLIMBaseConversationController.h */ = {isa = PBXFileReference; lastKnownFileType = sourcecode.c.h; path = SLIMBaseConversationController.h; sourceTree = "<group>"; };
		BDFDE8C2201B0778004B7F9B /* SLIMBaseConversationController.m */ = {isa = PBXFileReference; lastKnownFileType = sourcecode.c.objc; path = SLIMBaseConversationController.m; sourceTree = "<group>"; };
		BDFDE8CA201EC79B004B7F9B /* SLIMSocketManager.m */ = {isa = PBXFileReference; fileEncoding = 4; lastKnownFileType = sourcecode.c.objc; path = SLIMSocketManager.m; sourceTree = "<group>"; };
		BDFDE8CB201EC79B004B7F9B /* SLIMSocketManager.h */ = {isa = PBXFileReference; fileEncoding = 4; lastKnownFileType = sourcecode.c.h; path = SLIMSocketManager.h; sourceTree = "<group>"; };
		BDFDE8CF201ECE1C004B7F9B /* SLIMChatMessgaeCell.h */ = {isa = PBXFileReference; lastKnownFileType = sourcecode.c.h; path = SLIMChatMessgaeCell.h; sourceTree = "<group>"; };
		BDFDE8D0201ECE1C004B7F9B /* SLIMChatMessgaeCell.m */ = {isa = PBXFileReference; lastKnownFileType = sourcecode.c.objc; path = SLIMChatMessgaeCell.m; sourceTree = "<group>"; };
		BDFDE8D3201ECF8F004B7F9B /* SLIMConstants.h */ = {isa = PBXFileReference; lastKnownFileType = sourcecode.c.h; path = SLIMConstants.h; sourceTree = "<group>"; };
		BDFDE8E7202057F7004B7F9B /* SLIMChatTextMessageCell.h */ = {isa = PBXFileReference; lastKnownFileType = sourcecode.c.h; path = SLIMChatTextMessageCell.h; sourceTree = "<group>"; };
		BDFDE8E8202057F7004B7F9B /* SLIMChatTextMessageCell.m */ = {isa = PBXFileReference; lastKnownFileType = sourcecode.c.objc; path = SLIMChatTextMessageCell.m; sourceTree = "<group>"; };
		BDFDE8EA20205864004B7F9B /* SLIMChatImageMessageCell.h */ = {isa = PBXFileReference; lastKnownFileType = sourcecode.c.h; path = SLIMChatImageMessageCell.h; sourceTree = "<group>"; };
		BDFDE8EB20205864004B7F9B /* SLIMChatImageMessageCell.m */ = {isa = PBXFileReference; lastKnownFileType = sourcecode.c.objc; path = SLIMChatImageMessageCell.m; sourceTree = "<group>"; };
		BDFDE8ED2020674B004B7F9B /* SLIMChatSystemMessageCell.h */ = {isa = PBXFileReference; lastKnownFileType = sourcecode.c.h; path = SLIMChatSystemMessageCell.h; sourceTree = "<group>"; };
		BDFDE8EE2020674B004B7F9B /* SLIMChatSystemMessageCell.m */ = {isa = PBXFileReference; lastKnownFileType = sourcecode.c.objc; path = SLIMChatSystemMessageCell.m; sourceTree = "<group>"; };
		BDFDE8F02020798C004B7F9B /* SLIMMessageContentView.h */ = {isa = PBXFileReference; lastKnownFileType = sourcecode.c.h; path = SLIMMessageContentView.h; sourceTree = "<group>"; };
		BDFDE8F12020798C004B7F9B /* SLIMMessageContentView.m */ = {isa = PBXFileReference; lastKnownFileType = sourcecode.c.objc; path = SLIMMessageContentView.m; sourceTree = "<group>"; };
		BDFDE8F320207AE3004B7F9B /* SLIMMessageSendStateView.h */ = {isa = PBXFileReference; lastKnownFileType = sourcecode.c.h; path = SLIMMessageSendStateView.h; sourceTree = "<group>"; };
		BDFDE8F420207AE3004B7F9B /* SLIMMessageSendStateView.m */ = {isa = PBXFileReference; lastKnownFileType = sourcecode.c.objc; path = SLIMMessageSendStateView.m; sourceTree = "<group>"; };
		BDFDE8F6202083AD004B7F9B /* UIImageView+cornerRadius.h */ = {isa = PBXFileReference; lastKnownFileType = sourcecode.c.h; path = "UIImageView+cornerRadius.h"; sourceTree = "<group>"; };
		BDFDE8F7202083AD004B7F9B /* UIImageView+cornerRadius.m */ = {isa = PBXFileReference; lastKnownFileType = sourcecode.c.objc; path = "UIImageView+cornerRadius.m"; sourceTree = "<group>"; };
		BDFDE96020219713004B7F9B /* MessageBubble.bundle */ = {isa = PBXFileReference; lastKnownFileType = "wrapper.plug-in"; path = MessageBubble.bundle; sourceTree = "<group>"; };
		BDFDE96220219912004B7F9B /* SLIMBubbleImageFactory.h */ = {isa = PBXFileReference; lastKnownFileType = sourcecode.c.h; path = SLIMBubbleImageFactory.h; sourceTree = "<group>"; };
		BDFDE96320219912004B7F9B /* SLIMBubbleImageFactory.m */ = {isa = PBXFileReference; lastKnownFileType = sourcecode.c.objc; path = SLIMBubbleImageFactory.m; sourceTree = "<group>"; };
/* End PBXFileReference section */

/* Begin PBXFrameworksBuildPhase section */
		BD84417C20103CA0002F894F /* Frameworks */ = {
			isa = PBXFrameworksBuildPhase;
			buildActionMask = 2147483647;
			files = (
				2B2C0ECD6CF4C4D6A18F7C38 /* libPods-SLIMDemo.a in Frameworks */,
			);
			runOnlyForDeploymentPostprocessing = 0;
		};
/* End PBXFrameworksBuildPhase section */

/* Begin PBXGroup section */
		208026DED306EB164137A42D /* Pods */ = {
			isa = PBXGroup;
			children = (
				6AB0DAE1304A8B4C5FB20956 /* Pods-SLIMDemo.debug.xcconfig */,
				0BC5DB4CEFEE2B7911F92993 /* Pods-SLIMDemo.release.xcconfig */,
			);
			name = Pods;
			sourceTree = "<group>";
		};
		38BEAE60AD00F171109ECB91 /* Frameworks */ = {
			isa = PBXGroup;
			children = (
				55FBE7CFF26A9AF7B91179CD /* libPods-SLIMDemo.a */,
			);
			name = Frameworks;
			sourceTree = "<group>";
		};
		BD488C622021A375003A9B87 /* ChatBar */ = {
			isa = PBXGroup;
			children = (
				BD488C672021A3B8003A9B87 /* SLIMChatBar.h */,
				BD488C682021A3B8003A9B87 /* SLIMChatBar.m */,
			);
			path = ChatBar;
			sourceTree = "<group>";
		};
		BD488C632021A38B003A9B87 /* Model */ = {
			isa = PBXGroup;
			children = (
				BD488C772021C87F003A9B87 /* SLIMMessage.h */,
				BD488C782021C87F003A9B87 /* SLIMMessage.m */,
			);
			path = Model;
			sourceTree = "<group>";
		};
		BD488C702021ACBB003A9B87 /* Category */ = {
			isa = PBXGroup;
			children = (
				BDFDE8F6202083AD004B7F9B /* UIImageView+cornerRadius.h */,
				BDFDE8F7202083AD004B7F9B /* UIImageView+cornerRadius.m */,
				BD488C6A2021A7BE003A9B87 /* NSBundle+SLIM.h */,
				BD488C6B2021A7BE003A9B87 /* NSBundle+SLIM.m */,
				BD488C6D2021AB9A003A9B87 /* UIImage+SLIM.h */,
				BD488C6E2021AB9A003A9B87 /* UIImage+SLIM.m */,
				BD488C742021B072003A9B87 /* NSString+SLIM.h */,
				BD488C752021B072003A9B87 /* NSString+SLIM.m */,
				BD488CB520299BCF003A9B87 /* UIColor+SLIM.h */,
				BD488CB620299BCF003A9B87 /* UIColor+SLIM.m */,
			);
			path = Category;
			sourceTree = "<group>";
		};
		BD84417620103CA0002F894F = {
			isa = PBXGroup;
			children = (
				BD84418120103CA0002F894F /* SLIMDemo */,
				BD84418020103CA0002F894F /* Products */,
				208026DED306EB164137A42D /* Pods */,
				38BEAE60AD00F171109ECB91 /* Frameworks */,
			);
			sourceTree = "<group>";
		};
		BD84418020103CA0002F894F /* Products */ = {
			isa = PBXGroup;
			children = (
				BD84417F20103CA0002F894F /* SLIMDemo.app */,
			);
			name = Products;
			sourceTree = "<group>";
		};
		BD84418120103CA0002F894F /* SLIMDemo */ = {
			isa = PBXGroup;
			children = (
				BD84419B20103F36002F894F /* Module */,
				BD84419920103F11002F894F /* Socket */,
				BD84418220103CA0002F894F /* AppDelegate.h */,
				BD84418320103CA0002F894F /* AppDelegate.m */,
				BD84418520103CA0002F894F /* ViewController.h */,
				BD84418620103CA0002F894F /* ViewController.m */,
				BD488C7A2021CDC8003A9B87 /* Placeholder.bundle */,
				BDFDE96020219713004B7F9B /* MessageBubble.bundle */,
				BD84418820103CA0002F894F /* Main.storyboard */,
				BD84418B20103CA0002F894F /* Assets.xcassets */,
				BD84418D20103CA0002F894F /* LaunchScreen.storyboard */,
				BD84419020103CA0002F894F /* Info.plist */,
				BD84419120103CA0002F894F /* main.m */,
			);
			path = SLIMDemo;
			sourceTree = "<group>";
		};
		BD84419920103F11002F894F /* Socket */ = {
			isa = PBXGroup;
			children = (
				BDFDE8CB201EC79B004B7F9B /* SLIMSocketManager.h */,
				BDFDE8CA201EC79B004B7F9B /* SLIMSocketManager.m */,
			);
			path = Socket;
			sourceTree = "<group>";
		};
		BD84419B20103F36002F894F /* Module */ = {
			isa = PBXGroup;
			children = (
				BD488C632021A38B003A9B87 /* Model */,
				BDFDE8C0201B0705004B7F9B /* View */,
				BDFDE8BF201B06EC004B7F9B /* Tool */,
				BDFDE8BD201B06DA004B7F9B /* Controller */,
				BDFDE8BC201B06D2004B7F9B /* Base */,
			);
			path = Module;
			sourceTree = "<group>";
		};
		BDFDE8BC201B06D2004B7F9B /* Base */ = {
			isa = PBXGroup;
			children = (
				BDFDE8C1201B0778004B7F9B /* SLIMBaseConversationController.h */,
				BDFDE8C2201B0778004B7F9B /* SLIMBaseConversationController.m */,
				BDFDE8B9201B06CD004B7F9B /* SLIMBaseNavigationController.h */,
				BDFDE8BA201B06CD004B7F9B /* SLIMBaseNavigationController.m */,
			);
			path = Base;
			sourceTree = "<group>";
		};
		BDFDE8BD201B06DA004B7F9B /* Controller */ = {
			isa = PBXGroup;
			children = (
				BD84419C20103FC1002F894F /* SLIMViewController.h */,
				BD84419D20103FC1002F894F /* SLIMViewController.m */,
				BD488CB22022F5F5003A9B87 /* SLIMConverstaionViewController.h */,
				BD488CB32022F5F5003A9B87 /* SLIMConverstaionViewController.m */,
			);
			path = Controller;
			sourceTree = "<group>";
		};
		BDFDE8BF201B06EC004B7F9B /* Tool */ = {
			isa = PBXGroup;
			children = (
				BD488C702021ACBB003A9B87 /* Category */,
				BDFDE8D3201ECF8F004B7F9B /* SLIMConstants.h */,
				BDFDE96220219912004B7F9B /* SLIMBubbleImageFactory.h */,
				BDFDE96320219912004B7F9B /* SLIMBubbleImageFactory.m */,
				BD488C712021ACF6003A9B87 /* SLIMImageManager.h */,
				BD488C722021ACF6003A9B87 /* SLIMImageManager.m */,
				BD488CAF2022CA3B003A9B87 /* SLAnalogDataGenerator.h */,
				BD488CB02022CA3B003A9B87 /* SLAnalogDataGenerator.m */,
			);
			path = Tool;
			sourceTree = "<group>";
		};
		BDFDE8C0201B0705004B7F9B /* View */ = {
			isa = PBXGroup;
			children = (
				BD488C622021A375003A9B87 /* ChatBar */,
				BDFDE8CE201ECDE9004B7F9B /* ChatMessageCell */,
			);
			path = View;
			sourceTree = "<group>";
		};
		BDFDE8CE201ECDE9004B7F9B /* ChatMessageCell */ = {
			isa = PBXGroup;
			children = (
				BDFDE8CF201ECE1C004B7F9B /* SLIMChatMessgaeCell.h */,
				BDFDE8D0201ECE1C004B7F9B /* SLIMChatMessgaeCell.m */,
				BDFDE8E7202057F7004B7F9B /* SLIMChatTextMessageCell.h */,
				BDFDE8E8202057F7004B7F9B /* SLIMChatTextMessageCell.m */,
				BDFDE8EA20205864004B7F9B /* SLIMChatImageMessageCell.h */,
				BDFDE8EB20205864004B7F9B /* SLIMChatImageMessageCell.m */,
				BDFDE8ED2020674B004B7F9B /* SLIMChatSystemMessageCell.h */,
				BDFDE8EE2020674B004B7F9B /* SLIMChatSystemMessageCell.m */,
				BDFDE8F02020798C004B7F9B /* SLIMMessageContentView.h */,
				BDFDE8F12020798C004B7F9B /* SLIMMessageContentView.m */,
				BDFDE8F320207AE3004B7F9B /* SLIMMessageSendStateView.h */,
				BDFDE8F420207AE3004B7F9B /* SLIMMessageSendStateView.m */,
			);
			path = ChatMessageCell;
			sourceTree = "<group>";
		};
/* End PBXGroup section */

/* Begin PBXNativeTarget section */
		BD84417E20103CA0002F894F /* SLIMDemo */ = {
			isa = PBXNativeTarget;
			buildConfigurationList = BD84419520103CA0002F894F /* Build configuration list for PBXNativeTarget "SLIMDemo" */;
			buildPhases = (
				28D4E5F65002BA1C909F2F20 /* [CP] Check Pods Manifest.lock */,
				BD84417B20103CA0002F894F /* Sources */,
				BD84417C20103CA0002F894F /* Frameworks */,
				BD84417D20103CA0002F894F /* Resources */,
				372E01706C9074CED70D7BFB /* [CP] Embed Pods Frameworks */,
				10978D20D2D2B87F6E49E64B /* [CP] Copy Pods Resources */,
			);
			buildRules = (
			);
			dependencies = (
			);
			name = SLIMDemo;
			productName = SLIMDemo;
			productReference = BD84417F20103CA0002F894F /* SLIMDemo.app */;
			productType = "com.apple.product-type.application";
		};
/* End PBXNativeTarget section */

/* Begin PBXProject section */
		BD84417720103CA0002F894F /* Project object */ = {
			isa = PBXProject;
			attributes = {
				LastUpgradeCheck = 0920;
				ORGANIZATIONNAME = gaoshilei;
				TargetAttributes = {
					BD84417E20103CA0002F894F = {
						CreatedOnToolsVersion = 9.2;
						ProvisioningStyle = Automatic;
					};
				};
			};
			buildConfigurationList = BD84417A20103CA0002F894F /* Build configuration list for PBXProject "SLIMDemo" */;
			compatibilityVersion = "Xcode 8.0";
			developmentRegion = en;
			hasScannedForEncodings = 0;
			knownRegions = (
				en,
				Base,
			);
			mainGroup = BD84417620103CA0002F894F;
			productRefGroup = BD84418020103CA0002F894F /* Products */;
			projectDirPath = "";
			projectRoot = "";
			targets = (
				BD84417E20103CA0002F894F /* SLIMDemo */,
			);
		};
/* End PBXProject section */

/* Begin PBXResourcesBuildPhase section */
		BD84417D20103CA0002F894F /* Resources */ = {
			isa = PBXResourcesBuildPhase;
			buildActionMask = 2147483647;
			files = (
				BD488C7B2021CDC8003A9B87 /* Placeholder.bundle in Resources */,
				BD84418F20103CA0002F894F /* LaunchScreen.storyboard in Resources */,
				BDFDE96120219713004B7F9B /* MessageBubble.bundle in Resources */,
				BD84418C20103CA0002F894F /* Assets.xcassets in Resources */,
				BD84418A20103CA0002F894F /* Main.storyboard in Resources */,
			);
			runOnlyForDeploymentPostprocessing = 0;
		};
/* End PBXResourcesBuildPhase section */

/* Begin PBXShellScriptBuildPhase section */
		10978D20D2D2B87F6E49E64B /* [CP] Copy Pods Resources */ = {
			isa = PBXShellScriptBuildPhase;
			buildActionMask = 2147483647;
			files = (
			);
			inputPaths = (
				"${SRCROOT}/Pods/Target Support Files/Pods-SLIMDemo/Pods-SLIMDemo-resources.sh",
				"${PODS_ROOT}/IQKeyboardManager/IQKeyboardManager/Resources/IQKeyboardManager.bundle",
			);
			name = "[CP] Copy Pods Resources";
			outputPaths = (
				"${TARGET_BUILD_DIR}/${UNLOCALIZED_RESOURCES_FOLDER_PATH}",
			);
			runOnlyForDeploymentPostprocessing = 0;
			shellPath = /bin/sh;
			shellScript = "\"${SRCROOT}/Pods/Target Support Files/Pods-SLIMDemo/Pods-SLIMDemo-resources.sh\"\n";
			showEnvVarsInLog = 0;
		};
		28D4E5F65002BA1C909F2F20 /* [CP] Check Pods Manifest.lock */ = {
			isa = PBXShellScriptBuildPhase;
			buildActionMask = 2147483647;
			files = (
			);
			inputPaths = (
				"${PODS_PODFILE_DIR_PATH}/Podfile.lock",
				"${PODS_ROOT}/Manifest.lock",
			);
			name = "[CP] Check Pods Manifest.lock";
			outputPaths = (
				"$(DERIVED_FILE_DIR)/Pods-SLIMDemo-checkManifestLockResult.txt",
			);
			runOnlyForDeploymentPostprocessing = 0;
			shellPath = /bin/sh;
			shellScript = "diff \"${PODS_PODFILE_DIR_PATH}/Podfile.lock\" \"${PODS_ROOT}/Manifest.lock\" > /dev/null\nif [ $? != 0 ] ; then\n    # print error to STDERR\n    echo \"error: The sandbox is not in sync with the Podfile.lock. Run 'pod install' or update your CocoaPods installation.\" >&2\n    exit 1\nfi\n# This output is used by Xcode 'outputs' to avoid re-running this script phase.\necho \"SUCCESS\" > \"${SCRIPT_OUTPUT_FILE_0}\"\n";
			showEnvVarsInLog = 0;
		};
		372E01706C9074CED70D7BFB /* [CP] Embed Pods Frameworks */ = {
			isa = PBXShellScriptBuildPhase;
			buildActionMask = 2147483647;
			files = (
			);
			inputPaths = (
			);
			name = "[CP] Embed Pods Frameworks";
			outputPaths = (
			);
			runOnlyForDeploymentPostprocessing = 0;
			shellPath = /bin/sh;
			shellScript = "\"${SRCROOT}/Pods/Target Support Files/Pods-SLIMDemo/Pods-SLIMDemo-frameworks.sh\"\n";
			showEnvVarsInLog = 0;
		};
/* End PBXShellScriptBuildPhase section */

/* Begin PBXSourcesBuildPhase section */
		BD84417B20103CA0002F894F /* Sources */ = {
			isa = PBXSourcesBuildPhase;
			buildActionMask = 2147483647;
			files = (
				BD488C732021ACF6003A9B87 /* SLIMImageManager.m in Sources */,
				BD488C692021A3B8003A9B87 /* SLIMChatBar.m in Sources */,
				BDFDE8EC20205864004B7F9B /* SLIMChatImageMessageCell.m in Sources */,
				BD84418720103CA0002F894F /* ViewController.m in Sources */,
				BD488C762021B072003A9B87 /* NSString+SLIM.m in Sources */,
				BD84419220103CA0002F894F /* main.m in Sources */,
				BD488CB12022CA3B003A9B87 /* SLAnalogDataGenerator.m in Sources */,
				BDFDE8D1201ECE1C004B7F9B /* SLIMChatMessgaeCell.m in Sources */,
				BDFDE8F8202083AD004B7F9B /* UIImageView+cornerRadius.m in Sources */,
				BDFDE8F22020798C004B7F9B /* SLIMMessageContentView.m in Sources */,
				BDFDE8C3201B0778004B7F9B /* SLIMBaseConversationController.m in Sources */,
				BDFDE8EF2020674B004B7F9B /* SLIMChatSystemMessageCell.m in Sources */,
				BD488CB42022F5F5003A9B87 /* SLIMConverstaionViewController.m in Sources */,
				BD488C6C2021A7BE003A9B87 /* NSBundle+SLIM.m in Sources */,
				BD488CB720299BCF003A9B87 /* UIColor+SLIM.m in Sources */,
				BDFDE8F520207AE3004B7F9B /* SLIMMessageSendStateView.m in Sources */,
				BD84418420103CA0002F894F /* AppDelegate.m in Sources */,
				BDFDE8BB201B06CD004B7F9B /* SLIMBaseNavigationController.m in Sources */,
				BD84419E20103FC1002F894F /* SLIMViewController.m in Sources */,
				BDFDE8CC201EC79B004B7F9B /* SLIMSocketManager.m in Sources */,
				BD488C792021C87F003A9B87 /* SLIMMessage.m in Sources */,
				BD488C6F2021AB9A003A9B87 /* UIImage+SLIM.m in Sources */,
				BDFDE8E9202057F7004B7F9B /* SLIMChatTextMessageCell.m in Sources */,
				BDFDE96420219912004B7F9B /* SLIMBubbleImageFactory.m in Sources */,
			);
			runOnlyForDeploymentPostprocessing = 0;
		};
/* End PBXSourcesBuildPhase section */

/* Begin PBXVariantGroup section */
		BD84418820103CA0002F894F /* Main.storyboard */ = {
			isa = PBXVariantGroup;
			children = (
				BD84418920103CA0002F894F /* Base */,
			);
			name = Main.storyboard;
			sourceTree = "<group>";
		};
		BD84418D20103CA0002F894F /* LaunchScreen.storyboard */ = {
			isa = PBXVariantGroup;
			children = (
				BD84418E20103CA0002F894F /* Base */,
			);
			name = LaunchScreen.storyboard;
			sourceTree = "<group>";
		};
/* End PBXVariantGroup section */

/* Begin XCBuildConfiguration section */
		BD84419320103CA0002F894F /* Debug */ = {
			isa = XCBuildConfiguration;
			buildSettings = {
				ALWAYS_SEARCH_USER_PATHS = NO;
				CLANG_ANALYZER_NONNULL = YES;
				CLANG_ANALYZER_NUMBER_OBJECT_CONVERSION = YES_AGGRESSIVE;
				CLANG_CXX_LANGUAGE_STANDARD = "gnu++14";
				CLANG_CXX_LIBRARY = "libc++";
				CLANG_ENABLE_MODULES = YES;
				CLANG_ENABLE_OBJC_ARC = YES;
				CLANG_WARN_BLOCK_CAPTURE_AUTORELEASING = YES;
				CLANG_WARN_BOOL_CONVERSION = YES;
				CLANG_WARN_COMMA = YES;
				CLANG_WARN_CONSTANT_CONVERSION = YES;
				CLANG_WARN_DIRECT_OBJC_ISA_USAGE = YES_ERROR;
				CLANG_WARN_DOCUMENTATION_COMMENTS = YES;
				CLANG_WARN_EMPTY_BODY = YES;
				CLANG_WARN_ENUM_CONVERSION = YES;
				CLANG_WARN_INFINITE_RECURSION = YES;
				CLANG_WARN_INT_CONVERSION = YES;
				CLANG_WARN_NON_LITERAL_NULL_CONVERSION = YES;
				CLANG_WARN_OBJC_LITERAL_CONVERSION = YES;
				CLANG_WARN_OBJC_ROOT_CLASS = YES_ERROR;
				CLANG_WARN_RANGE_LOOP_ANALYSIS = YES;
				CLANG_WARN_STRICT_PROTOTYPES = YES;
				CLANG_WARN_SUSPICIOUS_MOVE = YES;
				CLANG_WARN_UNGUARDED_AVAILABILITY = YES_AGGRESSIVE;
				CLANG_WARN_UNREACHABLE_CODE = YES;
				CLANG_WARN__DUPLICATE_METHOD_MATCH = YES;
				CODE_SIGN_IDENTITY = "iPhone Developer";
				COPY_PHASE_STRIP = NO;
				DEBUG_INFORMATION_FORMAT = dwarf;
				ENABLE_STRICT_OBJC_MSGSEND = YES;
				ENABLE_TESTABILITY = YES;
				GCC_C_LANGUAGE_STANDARD = gnu11;
				GCC_DYNAMIC_NO_PIC = NO;
				GCC_NO_COMMON_BLOCKS = YES;
				GCC_OPTIMIZATION_LEVEL = 0;
				GCC_PREPROCESSOR_DEFINITIONS = (
					"DEBUG=1",
					"$(inherited)",
				);
				GCC_WARN_64_TO_32_BIT_CONVERSION = YES;
				GCC_WARN_ABOUT_RETURN_TYPE = YES_ERROR;
				GCC_WARN_UNDECLARED_SELECTOR = YES;
				GCC_WARN_UNINITIALIZED_AUTOS = YES_AGGRESSIVE;
				GCC_WARN_UNUSED_FUNCTION = YES;
				GCC_WARN_UNUSED_VARIABLE = YES;
				IPHONEOS_DEPLOYMENT_TARGET = 11.2;
				MTL_ENABLE_DEBUG_INFO = YES;
				ONLY_ACTIVE_ARCH = YES;
				SDKROOT = iphoneos;
			};
			name = Debug;
		};
		BD84419420103CA0002F894F /* Release */ = {
			isa = XCBuildConfiguration;
			buildSettings = {
				ALWAYS_SEARCH_USER_PATHS = NO;
				CLANG_ANALYZER_NONNULL = YES;
				CLANG_ANALYZER_NUMBER_OBJECT_CONVERSION = YES_AGGRESSIVE;
				CLANG_CXX_LANGUAGE_STANDARD = "gnu++14";
				CLANG_CXX_LIBRARY = "libc++";
				CLANG_ENABLE_MODULES = YES;
				CLANG_ENABLE_OBJC_ARC = YES;
				CLANG_WARN_BLOCK_CAPTURE_AUTORELEASING = YES;
				CLANG_WARN_BOOL_CONVERSION = YES;
				CLANG_WARN_COMMA = YES;
				CLANG_WARN_CONSTANT_CONVERSION = YES;
				CLANG_WARN_DIRECT_OBJC_ISA_USAGE = YES_ERROR;
				CLANG_WARN_DOCUMENTATION_COMMENTS = YES;
				CLANG_WARN_EMPTY_BODY = YES;
				CLANG_WARN_ENUM_CONVERSION = YES;
				CLANG_WARN_INFINITE_RECURSION = YES;
				CLANG_WARN_INT_CONVERSION = YES;
				CLANG_WARN_NON_LITERAL_NULL_CONVERSION = YES;
				CLANG_WARN_OBJC_LITERAL_CONVERSION = YES;
				CLANG_WARN_OBJC_ROOT_CLASS = YES_ERROR;
				CLANG_WARN_RANGE_LOOP_ANALYSIS = YES;
				CLANG_WARN_STRICT_PROTOTYPES = YES;
				CLANG_WARN_SUSPICIOUS_MOVE = YES;
				CLANG_WARN_UNGUARDED_AVAILABILITY = YES_AGGRESSIVE;
				CLANG_WARN_UNREACHABLE_CODE = YES;
				CLANG_WARN__DUPLICATE_METHOD_MATCH = YES;
				CODE_SIGN_IDENTITY = "iPhone Developer";
				COPY_PHASE_STRIP = NO;
				DEBUG_INFORMATION_FORMAT = "dwarf-with-dsym";
				ENABLE_NS_ASSERTIONS = NO;
				ENABLE_STRICT_OBJC_MSGSEND = YES;
				GCC_C_LANGUAGE_STANDARD = gnu11;
				GCC_NO_COMMON_BLOCKS = YES;
				GCC_WARN_64_TO_32_BIT_CONVERSION = YES;
				GCC_WARN_ABOUT_RETURN_TYPE = YES_ERROR;
				GCC_WARN_UNDECLARED_SELECTOR = YES;
				GCC_WARN_UNINITIALIZED_AUTOS = YES_AGGRESSIVE;
				GCC_WARN_UNUSED_FUNCTION = YES;
				GCC_WARN_UNUSED_VARIABLE = YES;
				IPHONEOS_DEPLOYMENT_TARGET = 11.2;
				MTL_ENABLE_DEBUG_INFO = NO;
				SDKROOT = iphoneos;
				VALIDATE_PRODUCT = YES;
			};
			name = Release;
		};
		BD84419620103CA0002F894F /* Debug */ = {
			isa = XCBuildConfiguration;
			baseConfigurationReference = 6AB0DAE1304A8B4C5FB20956 /* Pods-SLIMDemo.debug.xcconfig */;
			buildSettings = {
				ASSETCATALOG_COMPILER_APPICON_NAME = AppIcon;
				CODE_SIGN_STYLE = Automatic;
				DEVELOPMENT_TEAM = 65Q2YZ2TSD;
				INFOPLIST_FILE = SLIMDemo/Info.plist;
				IPHONEOS_DEPLOYMENT_TARGET = 8.0;
				LD_RUNPATH_SEARCH_PATHS = "$(inherited) @executable_path/Frameworks";
				PRODUCT_BUNDLE_IDENTIFIER = com.gaoshilei.SLIMDemo;
				PRODUCT_NAME = "$(TARGET_NAME)";
				TARGETED_DEVICE_FAMILY = "1,2";
			};
			name = Debug;
		};
		BD84419720103CA0002F894F /* Release */ = {
			isa = XCBuildConfiguration;
			baseConfigurationReference = 0BC5DB4CEFEE2B7911F92993 /* Pods-SLIMDemo.release.xcconfig */;
			buildSettings = {
				ASSETCATALOG_COMPILER_APPICON_NAME = AppIcon;
				CODE_SIGN_STYLE = Automatic;
				DEVELOPMENT_TEAM = 65Q2YZ2TSD;
				INFOPLIST_FILE = SLIMDemo/Info.plist;
				IPHONEOS_DEPLOYMENT_TARGET = 8.0;
				LD_RUNPATH_SEARCH_PATHS = "$(inherited) @executable_path/Frameworks";
				PRODUCT_BUNDLE_IDENTIFIER = com.gaoshilei.SLIMDemo;
				PRODUCT_NAME = "$(TARGET_NAME)";
				TARGETED_DEVICE_FAMILY = "1,2";
			};
			name = Release;
		};
/* End XCBuildConfiguration section */

/* Begin XCConfigurationList section */
		BD84417A20103CA0002F894F /* Build configuration list for PBXProject "SLIMDemo" */ = {
			isa = XCConfigurationList;
			buildConfigurations = (
				BD84419320103CA0002F894F /* Debug */,
				BD84419420103CA0002F894F /* Release */,
			);
			defaultConfigurationIsVisible = 0;
			defaultConfigurationName = Release;
		};
		BD84419520103CA0002F894F /* Build configuration list for PBXNativeTarget "SLIMDemo" */ = {
			isa = XCConfigurationList;
			buildConfigurations = (
				BD84419620103CA0002F894F /* Debug */,
				BD84419720103CA0002F894F /* Release */,
			);
			defaultConfigurationIsVisible = 0;
			defaultConfigurationName = Release;
		};
/* End XCConfigurationList section */
	};
	rootObject = BD84417720103CA0002F894F /* Project object */;
}
